
Microsoft Visual Studio Solution File, Format Version 12.00
# Visual Studio Version 17
VisualStudioVersion = 17.8.34511.84
MinimumVisualStudioVersion = 10.0.40219.1
Project("{FAE04EC0-301F-11D3-BF4B-00C04F79EFBC}") = "Task_1_Client_Part", "Task_1_Client_Part\Task_1_Client_Part.csproj", "{2091B414-6444-46C9-A304-B428339FE16D}"
EndProject
Global
	GlobalSection(SolutionConfigurationPlatforms) = preSolution
		Debug|Any CPU = Debug|Any CPU
		Release|Any CPU = Release|Any CPU
	EndGlobalSection
	GlobalSection(ProjectConfigurationPlatforms) = postSolution
		{2091B414-6444-46C9-A304-B428339FE16D}.Debug|Any CPU.ActiveCfg = Debug|Any CPU
		{2091B414-6444-46C9-A304-B428339FE16D}.Debug|Any CPU.Build.0 = Debug|Any CPU
		{2091B414-6444-46C9-A304-B428339FE16D}.Release|Any CPU.ActiveCfg = Release|Any CPU
		{2091B414-6444-46C9-A304-B428339FE16D}.Release|Any CPU.Build.0 = Release|Any CPU
	EndGlobalSection
	GlobalSection(SolutionProperties) = preSolution
		HideSolutionNode = FALSE
	EndGlobalSection
	GlobalSection(ExtensibilityGlobals) = postSolution
		SolutionGuid = {A45A62C1-EC22-4B03-BFA0-ED78AF96BB53}
	EndGlobalSection
EndGlobal
