
Microsoft Visual Studio Solution File, Format Version 12.00
# Visual Studio Version 17
VisualStudioVersion = 17.8.34511.84
MinimumVisualStudioVersion = 10.0.40219.1
Project("{FAE04EC0-301F-11D3-BF4B-00C04F79EFBC}") = "Expenes_Exam_Beth_Perekh", "Expenes_Exam_Beth_Perekh\Expenes_Exam_Beth_Perekh.csproj", "{AD2085F1-9ECD-4862-B0BB-B98A0F8F94BA}"
EndProject
Global
	GlobalSection(SolutionConfigurationPlatforms) = preSolution
		Debug|Any CPU = Debug|Any CPU
		Release|Any CPU = Release|Any CPU
	EndGlobalSection
	GlobalSection(ProjectConfigurationPlatforms) = postSolution
		{AD2085F1-9ECD-4862-B0BB-B98A0F8F94BA}.Debug|Any CPU.ActiveCfg = Debug|Any CPU
		{AD2085F1-9ECD-4862-B0BB-B98A0F8F94BA}.Debug|Any CPU.Build.0 = Debug|Any CPU
		{AD2085F1-9ECD-4862-B0BB-B98A0F8F94BA}.Release|Any CPU.ActiveCfg = Release|Any CPU
		{AD2085F1-9ECD-4862-B0BB-B98A0F8F94BA}.Release|Any CPU.Build.0 = Release|Any CPU
	EndGlobalSection
	GlobalSection(SolutionProperties) = preSolution
		HideSolutionNode = FALSE
	EndGlobalSection
	GlobalSection(ExtensibilityGlobals) = postSolution
		SolutionGuid = {133DD0FF-C07B-4EE8-B204-B967DAC12399}
	EndGlobalSection
EndGlobal
